
Microsoft Visual Studio Solution File, Format Version 12.00
# Visual Studio 15
VisualStudioVersion = 15.0.27004.2010
MinimumVisualStudioVersion = 10.0.40219.1
Project("{FAE04EC0-301F-11D3-BF4B-00C04F79EFBC}") = "FtpUpload", "FtpUpload\FtpUpload.csproj", "{C738996D-8CF3-417B-893C-B92F44C6C6AB}"
EndProject
Global
	GlobalSection(SolutionConfigurationPlatforms) = preSolution
		Debug|Any CPU = Debug|Any CPU
		Release|Any CPU = Release|Any CPU
	EndGlobalSection
	GlobalSection(ProjectConfigurationPlatforms) = postSolution
		{C738996D-8CF3-417B-893C-B92F44C6C6AB}.Debug|Any CPU.ActiveCfg = Debug|Any CPU
		{C738996D-8CF3-417B-893C-B92F44C6C6AB}.Debug|Any CPU.Build.0 = Debug|Any CPU
		{C738996D-8CF3-417B-893C-B92F44C6C6AB}.Release|Any CPU.ActiveCfg = Release|Any CPU
		{C738996D-8CF3-417B-893C-B92F44C6C6AB}.Release|Any CPU.Build.0 = Release|Any CPU
	EndGlobalSection
	GlobalSection(SolutionProperties) = preSolution
		HideSolutionNode = FALSE
	EndGlobalSection
	GlobalSection(ExtensibilityGlobals) = postSolution
		SolutionGuid = {1340D00A-FE25-45FA-A77F-0B9DF356C908}
	EndGlobalSection
EndGlobal
